
Microsoft Visual Studio Solution File, Format Version 12.00
# Visual Studio 2013
VisualStudioVersion = 12.0.21005.1
MinimumVisualStudioVersion = 10.0.40219.1
Project("{F184B08F-C81C-45F6-A57F-5ABD9991F28F}") = "ANA", "ANA\ANA.vbproj", "{D86A64B2-41F7-4B5B-87B4-3F9DBC99FAA6}"
EndProject
Global
	GlobalSection(SolutionConfigurationPlatforms) = preSolution
		Debug|Any CPU = Debug|Any CPU
		Release|Any CPU = Release|Any CPU
	EndGlobalSection
	GlobalSection(ProjectConfigurationPlatforms) = postSolution
		{D86A64B2-41F7-4B5B-87B4-3F9DBC99FAA6}.Debug|Any CPU.ActiveCfg = Debug|Any CPU
		{D86A64B2-41F7-4B5B-87B4-3F9DBC99FAA6}.Debug|Any CPU.Build.0 = Debug|Any CPU
		{D86A64B2-41F7-4B5B-87B4-3F9DBC99FAA6}.Release|Any CPU.ActiveCfg = Release|Any CPU
		{D86A64B2-41F7-4B5B-87B4-3F9DBC99FAA6}.Release|Any CPU.Build.0 = Release|Any CPU
	EndGlobalSection
	GlobalSection(SolutionProperties) = preSolution
		HideSolutionNode = FALSE
	EndGlobalSection
EndGlobal
